{
  "name": "Planus",
  "lockfileVersion": 3,
  "requires": true,
  "packages": {
    "": {
      "dependencies": {
        "@fullcalendar/core": "^6.1.17",
        "@fullcalendar/daygrid": "^6.1.17",
        "tui-calendar": "^1.15.3"
      }
    },
    "node_modules/@fullcalendar/core": {
      "version": "6.1.17",
      "resolved": "https://registry.npmjs.org/@fullcalendar/core/-/core-6.1.17.tgz",
      "integrity": "sha512-0W7lnIrv18ruJ5zeWBeNZXO8qCWlzxDdp9COFEsZnyNjiEhUVnrW/dPbjRKYpL0edGG0/Lhs0ghp1z/5ekt8ZA==",
      "license": "MIT",
      "dependencies": {
        "preact": "~10.12.1"
      }
    },
    "node_modules/@fullcalendar/daygrid": {
      "version": "6.1.17",
      "resolved": "https://registry.npmjs.org/@fullcalendar/daygrid/-/daygrid-6.1.17.tgz",
      "integrity": "sha512-K7m+pd7oVJ9fW4h7CLDdDGJbc9szJ1xDU1DZ2ag+7oOo1aCNLv44CehzkkknM6r8EYlOOhgaelxQpKAI4glj7A==",
      "license": "MIT",
      "peerDependencies": {
        "@fullcalendar/core": "~6.1.17"
      }
    },
    "node_modules/dompurify": {
      "version": "2.5.8",
      "resolved": "https://registry.npmjs.org/dompurify/-/dompurify-2.5.8.tgz",
      "integrity": "sha512-o1vSNgrmYMQObbSSvF/1brBYEQPHhV1+gsmrusO7/GXtp1T9rCS8cXFqVxK/9crT1jA6Ccv+5MTSjBNqr7Sovw==",
      "license": "(MPL-2.0 OR Apache-2.0)"
    },
    "node_modules/preact": {
      "version": "10.12.1",
      "resolved": "https://registry.npmjs.org/preact/-/preact-10.12.1.tgz",
      "integrity": "sha512-l8386ixSsBdbreOAkqtrwqHwdvR35ID8c3rKPa8lCWuO86dBi32QWHV4vfsZK1utLLFMvw+Z5Ad4XLkZzchscg==",
      "license": "MIT",
      "funding": {
        "type": "opencollective",
        "url": "https://opencollective.com/preact"
      }
    },
    "node_modules/tui-calendar": {
      "version": "1.15.3",
      "resolved": "https://registry.npmjs.org/tui-calendar/-/tui-calendar-1.15.3.tgz",
      "integrity": "sha512-S+QxtSPunLUNIX/eHoHcBB9XlPVT15Wh6ItR62n5K/Gq3WeSQdyhdbsuZJYV9z75bgJbFzp6x32v2yEPm6iWrg==",
      "license": "MIT",
      "dependencies": {
        "dompurify": "^2.3.1",
        "tui-code-snippet": "^1.5.0",
        "tui-date-picker": "^4.3.0",
        "tui-time-picker": "^2.1.4"
      }
    },
    "node_modules/tui-code-snippet": {
      "version": "1.5.2",
      "resolved": "https://registry.npmjs.org/tui-code-snippet/-/tui-code-snippet-1.5.2.tgz",
      "integrity": "sha512-6UqTlQaaC1KLcmC0HAoq5dtl1G4Fib+R+NC7pmaV7kiIlZ7JqKhUmnOoGRcreAyzd81UTK/vCvhrw9QJskpCFQ==",
      "license": "MIT"
    },
    "node_modules/tui-date-picker": {
      "version": "4.3.3",
      "resolved": "https://registry.npmjs.org/tui-date-picker/-/tui-date-picker-4.3.3.tgz",
      "integrity": "sha512-/2YoLnj5c1e+Ag1ZZYOgzEs2o0v7Ol7c5UAnBj438zGlkwkMxyH0HwP2pVqqIYX05WE7K0+6nTWVMybS8otBgw==",
      "license": "MIT",
      "dependencies": {
        "tui-time-picker": "^2.1.6"
      }
    },
    "node_modules/tui-time-picker": {
      "version": "2.1.6",
      "resolved": "https://registry.npmjs.org/tui-time-picker/-/tui-time-picker-2.1.6.tgz",
      "integrity": "sha512-4Jmo3wjGS+Ii4/qQgt5DaFEohHpB3U6BzWeTODVVFHD9sx3NOsbomY9K0xMobSLODi+tQEH7wfOtNU0IJmcQ6Q==",
      "license": "MIT"
    }
  }
}
